
Microsoft Visual Studio Solution File, Format Version 12.00
# Visual Studio Version 17
VisualStudioVersion = 17.6.33829.357
MinimumVisualStudioVersion = 10.0.40219.1
Project("{FAE04EC0-301F-11D3-BF4B-00C04F79EFBC}") = "7-8-23-Assign 24", "7-8-23-Assign 24\7-8-23-Assign 24.csproj", "{C8B5C414-C8A5-4018-8610-9C1AA2F14351}"
EndProject
Global
	GlobalSection(SolutionConfigurationPlatforms) = preSolution
		Debug|Any CPU = Debug|Any CPU
		Release|Any CPU = Release|Any CPU
	EndGlobalSection
	GlobalSection(ProjectConfigurationPlatforms) = postSolution
		{C8B5C414-C8A5-4018-8610-9C1AA2F14351}.Debug|Any CPU.ActiveCfg = Debug|Any CPU
		{C8B5C414-C8A5-4018-8610-9C1AA2F14351}.Debug|Any CPU.Build.0 = Debug|Any CPU
		{C8B5C414-C8A5-4018-8610-9C1AA2F14351}.Release|Any CPU.ActiveCfg = Release|Any CPU
		{C8B5C414-C8A5-4018-8610-9C1AA2F14351}.Release|Any CPU.Build.0 = Release|Any CPU
	EndGlobalSection
	GlobalSection(SolutionProperties) = preSolution
		HideSolutionNode = FALSE
	EndGlobalSection
	GlobalSection(ExtensibilityGlobals) = postSolution
		SolutionGuid = {4B26C378-CD8D-4616-95BB-C39AFD50D0C7}
	EndGlobalSection
EndGlobal
